// !$*UTF8*$!
{
	archiveVersion = 1;
	classes = {
	};
	objectVersion = 46;
	objects = {

/* Begin PBXBuildFile section */
		3B062E6918A70BDC00248F4F /* BRSettingsViewController.m in Sources */ = {isa = PBXBuildFile; fileRef = 3B062E6818A70BDC00248F4F /* BRSettingsViewController.m */; };
		3B0AC43518AA031C0068ACF7 /* CoreData.framework in Frameworks */ = {isa = PBXBuildFile; fileRef = 3B0AC43418AA031C0068ACF7 /* CoreData.framework */; };
		3B0AC43918AA04150068ACF7 /* BirthdayReminder.xcdatamodeld in Sources */ = {isa = PBXBuildFile; fileRef = 3B0AC43718AA04150068ACF7 /* BirthdayReminder.xcdatamodeld */; };
		3B0AC43C18AA06060068ACF7 /* BRDBirthday.m in Sources */ = {isa = PBXBuildFile; fileRef = 3B0AC43B18AA06060068ACF7 /* BRDBirthday.m */; };
		3B0B5E6918AB4C1E00D537C0 /* BRDModel.m in Sources */ = {isa = PBXBuildFile; fileRef = 3B0B5E6818AB4C1E00D537C0 /* BRDModel.m */; };
		3B2A05C018A8333F005DAEC2 /* icon-birthday-cake.png in Resources */ = {isa = PBXBuildFile; fileRef = 3B2A05BC18A8333F005DAEC2 /* icon-birthday-cake.png */; };
		3B2A05C118A8333F005DAEC2 /* icon-birthday-cake@2x.png in Resources */ = {isa = PBXBuildFile; fileRef = 3B2A05BD18A8333F005DAEC2 /* icon-birthday-cake@2x.png */; };
		3B2A05C218A8333F005DAEC2 /* thumbnail-background.png in Resources */ = {isa = PBXBuildFile; fileRef = 3B2A05BE18A8333F005DAEC2 /* thumbnail-background.png */; };
		3B2A05C318A8333F005DAEC2 /* thumbnail-background@2x.png in Resources */ = {isa = PBXBuildFile; fileRef = 3B2A05BF18A8333F005DAEC2 /* thumbnail-background@2x.png */; };
		3B2A05C518A84116005DAEC2 /* birthdays.plist in Resources */ = {isa = PBXBuildFile; fileRef = 3B2A05C418A84116005DAEC2 /* birthdays.plist */; };
		3B2A05D118A84121005DAEC2 /* aloe-blacc.jpg in Resources */ = {isa = PBXBuildFile; fileRef = 3B2A05C718A84121005DAEC2 /* aloe-blacc.jpg */; };
		3B2A05D218A84121005DAEC2 /* angelina-jolie.jpg in Resources */ = {isa = PBXBuildFile; fileRef = 3B2A05C818A84121005DAEC2 /* angelina-jolie.jpg */; };
		3B2A05D318A84121005DAEC2 /* brad-pitt.jpg in Resources */ = {isa = PBXBuildFile; fileRef = 3B2A05C918A84121005DAEC2 /* brad-pitt.jpg */; };
		3B2A05D418A84121005DAEC2 /* christina-aguilera.jpg in Resources */ = {isa = PBXBuildFile; fileRef = 3B2A05CA18A84121005DAEC2 /* christina-aguilera.jpg */; };
		3B2A05D518A84121005DAEC2 /* jamie-oliver.jpg in Resources */ = {isa = PBXBuildFile; fileRef = 3B2A05CB18A84121005DAEC2 /* jamie-oliver.jpg */; };
		3B2A05D618A84121005DAEC2 /* justin-bieber.jpg in Resources */ = {isa = PBXBuildFile; fileRef = 3B2A05CC18A84121005DAEC2 /* justin-bieber.jpg */; };
		3B2A05D718A84121005DAEC2 /* katy-perry.jpg in Resources */ = {isa = PBXBuildFile; fileRef = 3B2A05CD18A84121005DAEC2 /* katy-perry.jpg */; };
		3B2A05D818A84121005DAEC2 /* olly-murs.jpg in Resources */ = {isa = PBXBuildFile; fileRef = 3B2A05CE18A84121005DAEC2 /* olly-murs.jpg */; };
		3B2A05D918A84121005DAEC2 /* russell-brand.jpg in Resources */ = {isa = PBXBuildFile; fileRef = 3B2A05CF18A84121005DAEC2 /* russell-brand.jpg */; };
		3B2A05DA18A84121005DAEC2 /* scarlett-johansson.jpg in Resources */ = {isa = PBXBuildFile; fileRef = 3B2A05D018A84121005DAEC2 /* scarlett-johansson.jpg */; };
		3B2BB32418A21304008A8F37 /* Foundation.framework in Frameworks */ = {isa = PBXBuildFile; fileRef = 3B2BB32318A21304008A8F37 /* Foundation.framework */; };
		3B2BB32618A21304008A8F37 /* CoreGraphics.framework in Frameworks */ = {isa = PBXBuildFile; fileRef = 3B2BB32518A21304008A8F37 /* CoreGraphics.framework */; };
		3B2BB32818A21304008A8F37 /* UIKit.framework in Frameworks */ = {isa = PBXBuildFile; fileRef = 3B2BB32718A21304008A8F37 /* UIKit.framework */; };
		3B2BB32E18A21304008A8F37 /* InfoPlist.strings in Resources */ = {isa = PBXBuildFile; fileRef = 3B2BB32C18A21304008A8F37 /* InfoPlist.strings */; };
		3B2BB33018A21304008A8F37 /* main.m in Sources */ = {isa = PBXBuildFile; fileRef = 3B2BB32F18A21304008A8F37 /* main.m */; };
		3B2BB33418A21304008A8F37 /* BRAppDelegate.m in Sources */ = {isa = PBXBuildFile; fileRef = 3B2BB33318A21304008A8F37 /* BRAppDelegate.m */; };
		3B2BB33718A21304008A8F37 /* Main.storyboard in Resources */ = {isa = PBXBuildFile; fileRef = 3B2BB33518A21304008A8F37 /* Main.storyboard */; };
		3B2BB33C18A21304008A8F37 /* Images.xcassets in Resources */ = {isa = PBXBuildFile; fileRef = 3B2BB33B18A21304008A8F37 /* Images.xcassets */; };
		3B2BB34318A21305008A8F37 /* XCTest.framework in Frameworks */ = {isa = PBXBuildFile; fileRef = 3B2BB34218A21305008A8F37 /* XCTest.framework */; };
		3B2BB34418A21305008A8F37 /* Foundation.framework in Frameworks */ = {isa = PBXBuildFile; fileRef = 3B2BB32318A21304008A8F37 /* Foundation.framework */; };
		3B2BB34518A21305008A8F37 /* UIKit.framework in Frameworks */ = {isa = PBXBuildFile; fileRef = 3B2BB32718A21304008A8F37 /* UIKit.framework */; };
		3B2BB34D18A21305008A8F37 /* InfoPlist.strings in Resources */ = {isa = PBXBuildFile; fileRef = 3B2BB34B18A21305008A8F37 /* InfoPlist.strings */; };
		3B2BB34F18A21305008A8F37 /* NewBirthdayReminderTests.m in Sources */ = {isa = PBXBuildFile; fileRef = 3B2BB34E18A21305008A8F37 /* NewBirthdayReminderTests.m */; };
		3B34C6C018A724AD004EA46A /* BRNotificationTimeViewController.m in Sources */ = {isa = PBXBuildFile; fileRef = 3B34C6BF18A724AD004EA46A /* BRNotificationTimeViewController.m */; };
		3B68B40A18A621DF00F98806 /* BRHomeViewController.m in Sources */ = {isa = PBXBuildFile; fileRef = 3B68B40918A621DF00F98806 /* BRHomeViewController.m */; };
		3B68B40D18A6221900F98806 /* BRBirthdayDetailViewController.m in Sources */ = {isa = PBXBuildFile; fileRef = 3B68B40C18A6221900F98806 /* BRBirthdayDetailViewController.m */; };
		3B68B41018A6F9D300F98806 /* BRBirthdayEditViewController.m in Sources */ = {isa = PBXBuildFile; fileRef = 3B68B40F18A6F9D300F98806 /* BRBirthdayEditViewController.m */; };
		3B718ED218A70293001C3E57 /* BRCoreViewController.m in Sources */ = {isa = PBXBuildFile; fileRef = 3B718ED118A70293001C3E57 /* BRCoreViewController.m */; };
		3B718ED518A70958001C3E57 /* BRNotesEditViewController.m in Sources */ = {isa = PBXBuildFile; fileRef = 3B718ED418A70958001C3E57 /* BRNotesEditViewController.m */; };
/* End PBXBuildFile section */

/* Begin PBXContainerItemProxy section */
		3B2BB34618A21305008A8F37 /* PBXContainerItemProxy */ = {
			isa = PBXContainerItemProxy;
			containerPortal = 3B2BB31818A21304008A8F37 /* Project object */;
			proxyType = 1;
			remoteGlobalIDString = 3B2BB31F18A21304008A8F37;
			remoteInfo = NewBirthdayReminder;
		};
/* End PBXContainerItemProxy section */

/* Begin PBXFileReference section */
		3B062E6718A70BDC00248F4F /* BRSettingsViewController.h */ = {isa = PBXFileReference; fileEncoding = 4; lastKnownFileType = sourcecode.c.h; path = BRSettingsViewController.h; sourceTree = "<group>"; };
		3B062E6818A70BDC00248F4F /* BRSettingsViewController.m */ = {isa = PBXFileReference; fileEncoding = 4; lastKnownFileType = sourcecode.c.objc; path = BRSettingsViewController.m; sourceTree = "<group>"; };
		3B0AC43418AA031C0068ACF7 /* CoreData.framework */ = {isa = PBXFileReference; lastKnownFileType = wrapper.framework; name = CoreData.framework; path = System/Library/Frameworks/CoreData.framework; sourceTree = SDKROOT; };
		3B0AC43818AA04150068ACF7 /* BirthdayReminder.xcdatamodel */ = {isa = PBXFileReference; lastKnownFileType = wrapper.xcdatamodel; path = BirthdayReminder.xcdatamodel; sourceTree = "<group>"; };
		3B0AC43A18AA06060068ACF7 /* BRDBirthday.h */ = {isa = PBXFileReference; fileEncoding = 4; lastKnownFileType = sourcecode.c.h; path = BRDBirthday.h; sourceTree = "<group>"; };
		3B0AC43B18AA06060068ACF7 /* BRDBirthday.m */ = {isa = PBXFileReference; fileEncoding = 4; lastKnownFileType = sourcecode.c.objc; path = BRDBirthday.m; sourceTree = "<group>"; };
		3B0B5E6718AB4C1E00D537C0 /* BRDModel.h */ = {isa = PBXFileReference; fileEncoding = 4; lastKnownFileType = sourcecode.c.h; path = BRDModel.h; sourceTree = "<group>"; };
		3B0B5E6818AB4C1E00D537C0 /* BRDModel.m */ = {isa = PBXFileReference; fileEncoding = 4; lastKnownFileType = sourcecode.c.objc; path = BRDModel.m; sourceTree = "<group>"; };
		3B0B5E6A18AB634200D537C0 /* BirthdayReminder 2.xcdatamodel */ = {isa = PBXFileReference; lastKnownFileType = file; path = "BirthdayReminder 2.xcdatamodel"; sourceTree = "<group>"; };
		3B2A05BC18A8333F005DAEC2 /* icon-birthday-cake.png */ = {isa = PBXFileReference; lastKnownFileType = image.png; path = "icon-birthday-cake.png"; sourceTree = "<group>"; };
		3B2A05BD18A8333F005DAEC2 /* icon-birthday-cake@2x.png */ = {isa = PBXFileReference; lastKnownFileType = image.png; path = "icon-birthday-cake@2x.png"; sourceTree = "<group>"; };
		3B2A05BE18A8333F005DAEC2 /* thumbnail-background.png */ = {isa = PBXFileReference; lastKnownFileType = image.png; path = "thumbnail-background.png"; sourceTree = "<group>"; };
		3B2A05BF18A8333F005DAEC2 /* thumbnail-background@2x.png */ = {isa = PBXFileReference; lastKnownFileType = image.png; path = "thumbnail-background@2x.png"; sourceTree = "<group>"; };
		3B2A05C418A84116005DAEC2 /* birthdays.plist */ = {isa = PBXFileReference; fileEncoding = 4; lastKnownFileType = text.plist.xml; path = birthdays.plist; sourceTree = "<group>"; };
		3B2A05C718A84121005DAEC2 /* aloe-blacc.jpg */ = {isa = PBXFileReference; lastKnownFileType = image.jpeg; path = "aloe-blacc.jpg"; sourceTree = "<group>"; };
		3B2A05C818A84121005DAEC2 /* angelina-jolie.jpg */ = {isa = PBXFileReference; lastKnownFileType = image.jpeg; path = "angelina-jolie.jpg"; sourceTree = "<group>"; };
		3B2A05C918A84121005DAEC2 /* brad-pitt.jpg */ = {isa = PBXFileReference; lastKnownFileType = image.jpeg; path = "brad-pitt.jpg"; sourceTree = "<group>"; };
		3B2A05CA18A84121005DAEC2 /* christina-aguilera.jpg */ = {isa = PBXFileReference; lastKnownFileType = image.jpeg; path = "christina-aguilera.jpg"; sourceTree = "<group>"; };
		3B2A05CB18A84121005DAEC2 /* jamie-oliver.jpg */ = {isa = PBXFileReference; lastKnownFileType = image.jpeg; path = "jamie-oliver.jpg"; sourceTree = "<group>"; };
		3B2A05CC18A84121005DAEC2 /* justin-bieber.jpg */ = {isa = PBXFileReference; lastKnownFileType = image.jpeg; path = "justin-bieber.jpg"; sourceTree = "<group>"; };
		3B2A05CD18A84121005DAEC2 /* katy-perry.jpg */ = {isa = PBXFileReference; lastKnownFileType = image.jpeg; path = "katy-perry.jpg"; sourceTree = "<group>"; };
		3B2A05CE18A84121005DAEC2 /* olly-murs.jpg */ = {isa = PBXFileReference; lastKnownFileType = image.jpeg; path = "olly-murs.jpg"; sourceTree = "<group>"; };
		3B2A05CF18A84121005DAEC2 /* russell-brand.jpg */ = {isa = PBXFileReference; lastKnownFileType = image.jpeg; path = "russell-brand.jpg"; sourceTree = "<group>"; };
		3B2A05D018A84121005DAEC2 /* scarlett-johansson.jpg */ = {isa = PBXFileReference; lastKnownFileType = image.jpeg; path = "scarlett-johansson.jpg"; sourceTree = "<group>"; };
		3B2BB32018A21304008A8F37 /* NewBirthdayReminder.app */ = {isa = PBXFileReference; explicitFileType = wrapper.application; includeInIndex = 0; path = NewBirthdayReminder.app; sourceTree = BUILT_PRODUCTS_DIR; };
		3B2BB32318A21304008A8F37 /* Foundation.framework */ = {isa = PBXFileReference; lastKnownFileType = wrapper.framework; name = Foundation.framework; path = System/Library/Frameworks/Foundation.framework; sourceTree = SDKROOT; };
		3B2BB32518A21304008A8F37 /* CoreGraphics.framework */ = {isa = PBXFileReference; lastKnownFileType = wrapper.framework; name = CoreGraphics.framework; path = System/Library/Frameworks/CoreGraphics.framework; sourceTree = SDKROOT; };
		3B2BB32718A21304008A8F37 /* UIKit.framework */ = {isa = PBXFileReference; lastKnownFileType = wrapper.framework; name = UIKit.framework; path = System/Library/Frameworks/UIKit.framework; sourceTree = SDKROOT; };
		3B2BB32B18A21304008A8F37 /* NewBirthdayReminder-Info.plist */ = {isa = PBXFileReference; lastKnownFileType = text.plist.xml; path = "NewBirthdayReminder-Info.plist"; sourceTree = "<group>"; };
		3B2BB32D18A21304008A8F37 /* en */ = {isa = PBXFileReference; lastKnownFileType = text.plist.strings; name = en; path = en.lproj/InfoPlist.strings; sourceTree = "<group>"; };
		3B2BB32F18A21304008A8F37 /* main.m */ = {isa = PBXFileReference; lastKnownFileType = sourcecode.c.objc; path = main.m; sourceTree = "<group>"; };
		3B2BB33118A21304008A8F37 /* NewBirthdayReminder-Prefix.pch */ = {isa = PBXFileReference; lastKnownFileType = sourcecode.c.h; path = "NewBirthdayReminder-Prefix.pch"; sourceTree = "<group>"; };
		3B2BB33218A21304008A8F37 /* BRAppDelegate.h */ = {isa = PBXFileReference; lastKnownFileType = sourcecode.c.h; path = BRAppDelegate.h; sourceTree = "<group>"; };
		3B2BB33318A21304008A8F37 /* BRAppDelegate.m */ = {isa = PBXFileReference; lastKnownFileType = sourcecode.c.objc; path = BRAppDelegate.m; sourceTree = "<group>"; };
		3B2BB33618A21304008A8F37 /* Base */ = {isa = PBXFileReference; lastKnownFileType = file.storyboard; name = Base; path = Base.lproj/Main.storyboard; sourceTree = "<group>"; };
		3B2BB33B18A21304008A8F37 /* Images.xcassets */ = {isa = PBXFileReference; lastKnownFileType = folder.assetcatalog; path = Images.xcassets; sourceTree = "<group>"; };
		3B2BB34118A21305008A8F37 /* NewBirthdayReminderTests.xctest */ = {isa = PBXFileReference; explicitFileType = wrapper.cfbundle; includeInIndex = 0; path = NewBirthdayReminderTests.xctest; sourceTree = BUILT_PRODUCTS_DIR; };
		3B2BB34218A21305008A8F37 /* XCTest.framework */ = {isa = PBXFileReference; lastKnownFileType = wrapper.framework; name = XCTest.framework; path = Library/Frameworks/XCTest.framework; sourceTree = DEVELOPER_DIR; };
		3B2BB34A18A21305008A8F37 /* NewBirthdayReminderTests-Info.plist */ = {isa = PBXFileReference; lastKnownFileType = text.plist.xml; path = "NewBirthdayReminderTests-Info.plist"; sourceTree = "<group>"; };
		3B2BB34C18A21305008A8F37 /* en */ = {isa = PBXFileReference; lastKnownFileType = text.plist.strings; name = en; path = en.lproj/InfoPlist.strings; sourceTree = "<group>"; };
		3B2BB34E18A21305008A8F37 /* NewBirthdayReminderTests.m */ = {isa = PBXFileReference; lastKnownFileType = sourcecode.c.objc; path = NewBirthdayReminderTests.m; sourceTree = "<group>"; };
		3B34C6BE18A724AD004EA46A /* BRNotificationTimeViewController.h */ = {isa = PBXFileReference; fileEncoding = 4; lastKnownFileType = sourcecode.c.h; path = BRNotificationTimeViewController.h; sourceTree = "<group>"; };
		3B34C6BF18A724AD004EA46A /* BRNotificationTimeViewController.m */ = {isa = PBXFileReference; fileEncoding = 4; lastKnownFileType = sourcecode.c.objc; path = BRNotificationTimeViewController.m; sourceTree = "<group>"; };
		3B68B40818A621DF00F98806 /* BRHomeViewController.h */ = {isa = PBXFileReference; fileEncoding = 4; lastKnownFileType = sourcecode.c.h; path = BRHomeViewController.h; sourceTree = "<group>"; };
		3B68B40918A621DF00F98806 /* BRHomeViewController.m */ = {isa = PBXFileReference; fileEncoding = 4; lastKnownFileType = sourcecode.c.objc; path = BRHomeViewController.m; sourceTree = "<group>"; };
		3B68B40B18A6221900F98806 /* BRBirthdayDetailViewController.h */ = {isa = PBXFileReference; fileEncoding = 4; lastKnownFileType = sourcecode.c.h; path = BRBirthdayDetailViewController.h; sourceTree = "<group>"; };
		3B68B40C18A6221900F98806 /* BRBirthdayDetailViewController.m */ = {isa = PBXFileReference; fileEncoding = 4; lastKnownFileType = sourcecode.c.objc; path = BRBirthdayDetailViewController.m; sourceTree = "<group>"; };
		3B68B40E18A6F9D300F98806 /* BRBirthdayEditViewController.h */ = {isa = PBXFileReference; fileEncoding = 4; lastKnownFileType = sourcecode.c.h; path = BRBirthdayEditViewController.h; sourceTree = "<group>"; };
		3B68B40F18A6F9D300F98806 /* BRBirthdayEditViewController.m */ = {isa = PBXFileReference; fileEncoding = 4; lastKnownFileType = sourcecode.c.objc; path = BRBirthdayEditViewController.m; sourceTree = "<group>"; };
		3B718ED018A70293001C3E57 /* BRCoreViewController.h */ = {isa = PBXFileReference; fileEncoding = 4; lastKnownFileType = sourcecode.c.h; path = BRCoreViewController.h; sourceTree = "<group>"; };
		3B718ED118A70293001C3E57 /* BRCoreViewController.m */ = {isa = PBXFileReference; fileEncoding = 4; lastKnownFileType = sourcecode.c.objc; path = BRCoreViewController.m; sourceTree = "<group>"; };
		3B718ED318A70958001C3E57 /* BRNotesEditViewController.h */ = {isa = PBXFileReference; fileEncoding = 4; lastKnownFileType = sourcecode.c.h; path = BRNotesEditViewController.h; sourceTree = "<group>"; };
		3B718ED418A70958001C3E57 /* BRNotesEditViewController.m */ = {isa = PBXFileReference; fileEncoding = 4; lastKnownFileType = sourcecode.c.objc; path = BRNotesEditViewController.m; sourceTree = "<group>"; };
/* End PBXFileReference section */

/* Begin PBXFrameworksBuildPhase section */
		3B2BB31D18A21304008A8F37 /* Frameworks */ = {
			isa = PBXFrameworksBuildPhase;
			buildActionMask = 2147483647;
			files = (
				3B0AC43518AA031C0068ACF7 /* CoreData.framework in Frameworks */,
				3B2BB32618A21304008A8F37 /* CoreGraphics.framework in Frameworks */,
				3B2BB32818A21304008A8F37 /* UIKit.framework in Frameworks */,
				3B2BB32418A21304008A8F37 /* Foundation.framework in Frameworks */,
			);
			runOnlyForDeploymentPostprocessing = 0;
		};
		3B2BB33E18A21305008A8F37 /* Frameworks */ = {
			isa = PBXFrameworksBuildPhase;
			buildActionMask = 2147483647;
			files = (
				3B2BB34318A21305008A8F37 /* XCTest.framework in Frameworks */,
				3B2BB34518A21305008A8F37 /* UIKit.framework in Frameworks */,
				3B2BB34418A21305008A8F37 /* Foundation.framework in Frameworks */,
			);
			runOnlyForDeploymentPostprocessing = 0;
		};
/* End PBXFrameworksBuildPhase section */

/* Begin PBXGroup section */
		3B0AC43618AA03BD0068ACF7 /* data */ = {
			isa = PBXGroup;
			children = (
				3B0AC43718AA04150068ACF7 /* BirthdayReminder.xcdatamodeld */,
				3B0AC43A18AA06060068ACF7 /* BRDBirthday.h */,
				3B0AC43B18AA06060068ACF7 /* BRDBirthday.m */,
				3B0B5E6718AB4C1E00D537C0 /* BRDModel.h */,
				3B0B5E6818AB4C1E00D537C0 /* BRDModel.m */,
			);
			path = data;
			sourceTree = "<group>";
		};
		3B2A05BA18A8333F005DAEC2 /* resources */ = {
			isa = PBXGroup;
			children = (
				3B2A05C418A84116005DAEC2 /* birthdays.plist */,
				3B2A05BB18A8333F005DAEC2 /* images */,
			);
			name = resources;
			path = NewBirthdayReminder/resources;
			sourceTree = "<group>";
		};
		3B2A05BB18A8333F005DAEC2 /* images */ = {
			isa = PBXGroup;
			children = (
				3B2A05C618A84121005DAEC2 /* Celebrity Pics */,
				3B2A05BC18A8333F005DAEC2 /* icon-birthday-cake.png */,
				3B2A05BD18A8333F005DAEC2 /* icon-birthday-cake@2x.png */,
				3B2A05BE18A8333F005DAEC2 /* thumbnail-background.png */,
				3B2A05BF18A8333F005DAEC2 /* thumbnail-background@2x.png */,
			);
			path = images;
			sourceTree = "<group>";
		};
		3B2A05C618A84121005DAEC2 /* Celebrity Pics */ = {
			isa = PBXGroup;
			children = (
				3B2A05C718A84121005DAEC2 /* aloe-blacc.jpg */,
				3B2A05C818A84121005DAEC2 /* angelina-jolie.jpg */,
				3B2A05C918A84121005DAEC2 /* brad-pitt.jpg */,
				3B2A05CA18A84121005DAEC2 /* christina-aguilera.jpg */,
				3B2A05CB18A84121005DAEC2 /* jamie-oliver.jpg */,
				3B2A05CC18A84121005DAEC2 /* justin-bieber.jpg */,
				3B2A05CD18A84121005DAEC2 /* katy-perry.jpg */,
				3B2A05CE18A84121005DAEC2 /* olly-murs.jpg */,
				3B2A05CF18A84121005DAEC2 /* russell-brand.jpg */,
				3B2A05D018A84121005DAEC2 /* scarlett-johansson.jpg */,
			);
			path = "Celebrity Pics";
			sourceTree = "<group>";
		};
		3B2BB31718A21304008A8F37 = {
			isa = PBXGroup;
			children = (
				3B2A05BA18A8333F005DAEC2 /* resources */,
				3B2BB32918A21304008A8F37 /* NewBirthdayReminder */,
				3B2BB34818A21305008A8F37 /* NewBirthdayReminderTests */,
				3B2BB32218A21304008A8F37 /* Frameworks */,
				3B2BB32118A21304008A8F37 /* Products */,
			);
			sourceTree = "<group>";
		};
		3B2BB32118A21304008A8F37 /* Products */ = {
			isa = PBXGroup;
			children = (
				3B2BB32018A21304008A8F37 /* NewBirthdayReminder.app */,
				3B2BB34118A21305008A8F37 /* NewBirthdayReminderTests.xctest */,
			);
			name = Products;
			sourceTree = "<group>";
		};
		3B2BB32218A21304008A8F37 /* Frameworks */ = {
			isa = PBXGroup;
			children = (
				3B0AC43418AA031C0068ACF7 /* CoreData.framework */,
				3B2BB32318A21304008A8F37 /* Foundation.framework */,
				3B2BB32518A21304008A8F37 /* CoreGraphics.framework */,
				3B2BB32718A21304008A8F37 /* UIKit.framework */,
				3B2BB34218A21305008A8F37 /* XCTest.framework */,
			);
			name = Frameworks;
			sourceTree = "<group>";
		};
		3B2BB32918A21304008A8F37 /* NewBirthdayReminder */ = {
			isa = PBXGroup;
			children = (
				3B0AC43618AA03BD0068ACF7 /* data */,
				3B68B40618A6219100F98806 /* user-interface */,
				3B2BB33218A21304008A8F37 /* BRAppDelegate.h */,
				3B2BB33318A21304008A8F37 /* BRAppDelegate.m */,
				3B2BB33518A21304008A8F37 /* Main.storyboard */,
				3B2BB33B18A21304008A8F37 /* Images.xcassets */,
				3B2BB32A18A21304008A8F37 /* Supporting Files */,
			);
			path = NewBirthdayReminder;
			sourceTree = "<group>";
		};
		3B2BB32A18A21304008A8F37 /* Supporting Files */ = {
			isa = PBXGroup;
			children = (
				3B2BB32B18A21304008A8F37 /* NewBirthdayReminder-Info.plist */,
				3B2BB32C18A21304008A8F37 /* InfoPlist.strings */,
				3B2BB32F18A21304008A8F37 /* main.m */,
				3B2BB33118A21304008A8F37 /* NewBirthdayReminder-Prefix.pch */,
			);
			name = "Supporting Files";
			sourceTree = "<group>";
		};
		3B2BB34818A21305008A8F37 /* NewBirthdayReminderTests */ = {
			isa = PBXGroup;
			children = (
				3B2BB34E18A21305008A8F37 /* NewBirthdayReminderTests.m */,
				3B2BB34918A21305008A8F37 /* Supporting Files */,
			);
			path = NewBirthdayReminderTests;
			sourceTree = "<group>";
		};
		3B2BB34918A21305008A8F37 /* Supporting Files */ = {
			isa = PBXGroup;
			children = (
				3B2BB34A18A21305008A8F37 /* NewBirthdayReminderTests-Info.plist */,
				3B2BB34B18A21305008A8F37 /* InfoPlist.strings */,
			);
			name = "Supporting Files";
			sourceTree = "<group>";
		};
		3B68B40618A6219100F98806 /* user-interface */ = {
			isa = PBXGroup;
			children = (
				3B68B40718A6219100F98806 /* view-controllers */,
			);
			path = "user-interface";
			sourceTree = "<group>";
		};
		3B68B40718A6219100F98806 /* view-controllers */ = {
			isa = PBXGroup;
			children = (
				3B68B40818A621DF00F98806 /* BRHomeViewController.h */,
				3B68B40918A621DF00F98806 /* BRHomeViewController.m */,
				3B68B40B18A6221900F98806 /* BRBirthdayDetailViewController.h */,
				3B68B40C18A6221900F98806 /* BRBirthdayDetailViewController.m */,
				3B718ED018A70293001C3E57 /* BRCoreViewController.h */,
				3B718ED118A70293001C3E57 /* BRCoreViewController.m */,
				3B68B40E18A6F9D300F98806 /* BRBirthdayEditViewController.h */,
				3B68B40F18A6F9D300F98806 /* BRBirthdayEditViewController.m */,
				3B718ED318A70958001C3E57 /* BRNotesEditViewController.h */,
				3B718ED418A70958001C3E57 /* BRNotesEditViewController.m */,
				3B062E6718A70BDC00248F4F /* BRSettingsViewController.h */,
				3B062E6818A70BDC00248F4F /* BRSettingsViewController.m */,
				3B34C6BE18A724AD004EA46A /* BRNotificationTimeViewController.h */,
				3B34C6BF18A724AD004EA46A /* BRNotificationTimeViewController.m */,
			);
			path = "view-controllers";
			sourceTree = "<group>";
		};
/* End PBXGroup section */

/* Begin PBXNativeTarget section */
		3B2BB31F18A21304008A8F37 /* NewBirthdayReminder */ = {
			isa = PBXNativeTarget;
			buildConfigurationList = 3B2BB35218A21305008A8F37 /* Build configuration list for PBXNativeTarget "NewBirthdayReminder" */;
			buildPhases = (
				3B2BB31C18A21304008A8F37 /* Sources */,
				3B2BB31D18A21304008A8F37 /* Frameworks */,
				3B2BB31E18A21304008A8F37 /* Resources */,
			);
			buildRules = (
			);
			dependencies = (
			);
			name = NewBirthdayReminder;
			productName = NewBirthdayReminder;
			productReference = 3B2BB32018A21304008A8F37 /* NewBirthdayReminder.app */;
			productType = "com.apple.product-type.application";
		};
		3B2BB34018A21305008A8F37 /* NewBirthdayReminderTests */ = {
			isa = PBXNativeTarget;
			buildConfigurationList = 3B2BB35518A21305008A8F37 /* Build configuration list for PBXNativeTarget "NewBirthdayReminderTests" */;
			buildPhases = (
				3B2BB33D18A21305008A8F37 /* Sources */,
				3B2BB33E18A21305008A8F37 /* Frameworks */,
				3B2BB33F18A21305008A8F37 /* Resources */,
			);
			buildRules = (
			);
			dependencies = (
				3B2BB34718A21305008A8F37 /* PBXTargetDependency */,
			);
			name = NewBirthdayReminderTests;
			productName = NewBirthdayReminderTests;
			productReference = 3B2BB34118A21305008A8F37 /* NewBirthdayReminderTests.xctest */;
			productType = "com.apple.product-type.bundle.unit-test";
		};
/* End PBXNativeTarget section */

/* Begin PBXProject section */
		3B2BB31818A21304008A8F37 /* Project object */ = {
			isa = PBXProject;
			attributes = {
				CLASSPREFIX = BR;
				LastUpgradeCheck = 0500;
				ORGANIZATIONNAME = tolikarp;
				TargetAttributes = {
					3B2BB34018A21305008A8F37 = {
						TestTargetID = 3B2BB31F18A21304008A8F37;
					};
				};
			};
			buildConfigurationList = 3B2BB31B18A21304008A8F37 /* Build configuration list for PBXProject "NewBirthdayReminder" */;
			compatibilityVersion = "Xcode 3.2";
			developmentRegion = English;
			hasScannedForEncodings = 0;
			knownRegions = (
				en,
				Base,
			);
			mainGroup = 3B2BB31718A21304008A8F37;
			productRefGroup = 3B2BB32118A21304008A8F37 /* Products */;
			projectDirPath = "";
			projectRoot = "";
			targets = (
				3B2BB31F18A21304008A8F37 /* NewBirthdayReminder */,
				3B2BB34018A21305008A8F37 /* NewBirthdayReminderTests */,
			);
		};
/* End PBXProject section */

/* Begin PBXResourcesBuildPhase section */
		3B2BB31E18A21304008A8F37 /* Resources */ = {
			isa = PBXResourcesBuildPhase;
			buildActionMask = 2147483647;
			files = (
				3B2A05D818A84121005DAEC2 /* olly-murs.jpg in Resources */,
				3B2A05C318A8333F005DAEC2 /* thumbnail-background@2x.png in Resources */,
				3B2A05D518A84121005DAEC2 /* jamie-oliver.jpg in Resources */,
				3B2A05DA18A84121005DAEC2 /* scarlett-johansson.jpg in Resources */,
				3B2A05D418A84121005DAEC2 /* christina-aguilera.jpg in Resources */,
				3B2BB33C18A21304008A8F37 /* Images.xcassets in Resources */,
				3B2A05D118A84121005DAEC2 /* aloe-blacc.jpg in Resources */,
				3B2A05D618A84121005DAEC2 /* justin-bieber.jpg in Resources */,
				3B2A05C118A8333F005DAEC2 /* icon-birthday-cake@2x.png in Resources */,
				3B2A05D718A84121005DAEC2 /* katy-perry.jpg in Resources */,
				3B2A05C518A84116005DAEC2 /* birthdays.plist in Resources */,
				3B2A05D918A84121005DAEC2 /* russell-brand.jpg in Resources */,
				3B2BB32E18A21304008A8F37 /* InfoPlist.strings in Resources */,
				3B2A05D218A84121005DAEC2 /* angelina-jolie.jpg in Resources */,
				3B2BB33718A21304008A8F37 /* Main.storyboard in Resources */,
				3B2A05D318A84121005DAEC2 /* brad-pitt.jpg in Resources */,
				3B2A05C218A8333F005DAEC2 /* thumbnail-background.png in Resources */,
				3B2A05C018A8333F005DAEC2 /* icon-birthday-cake.png in Resources */,
			);
			runOnlyForDeploymentPostprocessing = 0;
		};
		3B2BB33F18A21305008A8F37 /* Resources */ = {
			isa = PBXResourcesBuildPhase;
			buildActionMask = 2147483647;
			files = (
				3B2BB34D18A21305008A8F37 /* InfoPlist.strings in Resources */,
			);
			runOnlyForDeploymentPostprocessing = 0;
		};
/* End PBXResourcesBuildPhase section */

/* Begin PBXSourcesBuildPhase section */
		3B2BB31C18A21304008A8F37 /* Sources */ = {
			isa = PBXSourcesBuildPhase;
			buildActionMask = 2147483647;
			files = (
				3B68B40A18A621DF00F98806 /* BRHomeViewController.m in Sources */,
				3B062E6918A70BDC00248F4F /* BRSettingsViewController.m in Sources */,
				3B0AC43918AA04150068ACF7 /* BirthdayReminder.xcdatamodeld in Sources */,
				3B34C6C018A724AD004EA46A /* BRNotificationTimeViewController.m in Sources */,
				3B68B41018A6F9D300F98806 /* BRBirthdayEditViewController.m in Sources */,
				3B68B40D18A6221900F98806 /* BRBirthdayDetailViewController.m in Sources */,
				3B0B5E6918AB4C1E00D537C0 /* BRDModel.m in Sources */,
				3B0AC43C18AA06060068ACF7 /* BRDBirthday.m in Sources */,
				3B718ED218A70293001C3E57 /* BRCoreViewController.m in Sources */,
				3B718ED518A70958001C3E57 /* BRNotesEditViewController.m in Sources */,
				3B2BB33418A21304008A8F37 /* BRAppDelegate.m in Sources */,
				3B2BB33018A21304008A8F37 /* main.m in Sources */,
			);
			runOnlyForDeploymentPostprocessing = 0;
		};
		3B2BB33D18A21305008A8F37 /* Sources */ = {
			isa = PBXSourcesBuildPhase;
			buildActionMask = 2147483647;
			files = (
				3B2BB34F18A21305008A8F37 /* NewBirthdayReminderTests.m in Sources */,
			);
			runOnlyForDeploymentPostprocessing = 0;
		};
/* End PBXSourcesBuildPhase section */

/* Begin PBXTargetDependency section */
		3B2BB34718A21305008A8F37 /* PBXTargetDependency */ = {
			isa = PBXTargetDependency;
			target = 3B2BB31F18A21304008A8F37 /* NewBirthdayReminder */;
			targetProxy = 3B2BB34618A21305008A8F37 /* PBXContainerItemProxy */;
		};
/* End PBXTargetDependency section */

/* Begin PBXVariantGroup section */
		3B2BB32C18A21304008A8F37 /* InfoPlist.strings */ = {
			isa = PBXVariantGroup;
			children = (
				3B2BB32D18A21304008A8F37 /* en */,
			);
			name = InfoPlist.strings;
			sourceTree = "<group>";
		};
		3B2BB33518A21304008A8F37 /* Main.storyboard */ = {
			isa = PBXVariantGroup;
			children = (
				3B2BB33618A21304008A8F37 /* Base */,
			);
			name = Main.storyboard;
			sourceTree = "<group>";
		};
		3B2BB34B18A21305008A8F37 /* InfoPlist.strings */ = {
			isa = PBXVariantGroup;
			children = (
				3B2BB34C18A21305008A8F37 /* en */,
			);
			name = InfoPlist.strings;
			sourceTree = "<group>";
		};
/* End PBXVariantGroup section */

/* Begin XCBuildConfiguration section */
		3B2BB35018A21305008A8F37 /* Debug */ = {
			isa = XCBuildConfiguration;
			buildSettings = {
				ALWAYS_SEARCH_USER_PATHS = NO;
				ARCHS = "$(ARCHS_STANDARD_INCLUDING_64_BIT)";
				CLANG_CXX_LANGUAGE_STANDARD = "gnu++0x";
				CLANG_CXX_LIBRARY = "libc++";
				CLANG_ENABLE_MODULES = YES;
				CLANG_ENABLE_OBJC_ARC = YES;
				CLANG_WARN_BOOL_CONVERSION = YES;
				CLANG_WARN_CONSTANT_CONVERSION = YES;
				CLANG_WARN_DIRECT_OBJC_ISA_USAGE = YES_ERROR;
				CLANG_WARN_EMPTY_BODY = YES;
				CLANG_WARN_ENUM_CONVERSION = YES;
				CLANG_WARN_INT_CONVERSION = YES;
				CLANG_WARN_OBJC_ROOT_CLASS = YES_ERROR;
				CLANG_WARN__DUPLICATE_METHOD_MATCH = YES;
				"CODE_SIGN_IDENTITY[sdk=iphoneos*]" = "iPhone Developer";
				COPY_PHASE_STRIP = NO;
				GCC_C_LANGUAGE_STANDARD = gnu99;
				GCC_DYNAMIC_NO_PIC = NO;
				GCC_OPTIMIZATION_LEVEL = 0;
				GCC_PREPROCESSOR_DEFINITIONS = (
					"DEBUG=1",
					"$(inherited)",
				);
				GCC_SYMBOLS_PRIVATE_EXTERN = NO;
				GCC_WARN_64_TO_32_BIT_CONVERSION = YES;
				GCC_WARN_ABOUT_RETURN_TYPE = YES_ERROR;
				GCC_WARN_UNDECLARED_SELECTOR = YES;
				GCC_WARN_UNINITIALIZED_AUTOS = YES;
				GCC_WARN_UNUSED_FUNCTION = YES;
				GCC_WARN_UNUSED_VARIABLE = YES;
				IPHONEOS_DEPLOYMENT_TARGET = 7.0;
				ONLY_ACTIVE_ARCH = YES;
				SDKROOT = iphoneos;
			};
			name = Debug;
		};
		3B2BB35118A21305008A8F37 /* Release */ = {
			isa = XCBuildConfiguration;
			buildSettings = {
				ALWAYS_SEARCH_USER_PATHS = NO;
				ARCHS = "$(ARCHS_STANDARD_INCLUDING_64_BIT)";
				CLANG_CXX_LANGUAGE_STANDARD = "gnu++0x";
				CLANG_CXX_LIBRARY = "libc++";
				CLANG_ENABLE_MODULES = YES;
				CLANG_ENABLE_OBJC_ARC = YES;
				CLANG_WARN_BOOL_CONVERSION = YES;
				CLANG_WARN_CONSTANT_CONVERSION = YES;
				CLANG_WARN_DIRECT_OBJC_ISA_USAGE = YES_ERROR;
				CLANG_WARN_EMPTY_BODY = YES;
				CLANG_WARN_ENUM_CONVERSION = YES;
				CLANG_WARN_INT_CONVERSION = YES;
				CLANG_WARN_OBJC_ROOT_CLASS = YES_ERROR;
				CLANG_WARN__DUPLICATE_METHOD_MATCH = YES;
				"CODE_SIGN_IDENTITY[sdk=iphoneos*]" = "iPhone Developer";
				COPY_PHASE_STRIP = YES;
				ENABLE_NS_ASSERTIONS = NO;
				GCC_C_LANGUAGE_STANDARD = gnu99;
				GCC_WARN_64_TO_32_BIT_CONVERSION = YES;
				GCC_WARN_ABOUT_RETURN_TYPE = YES_ERROR;
				GCC_WARN_UNDECLARED_SELECTOR = YES;
				GCC_WARN_UNINITIALIZED_AUTOS = YES;
				GCC_WARN_UNUSED_FUNCTION = YES;
				GCC_WARN_UNUSED_VARIABLE = YES;
				IPHONEOS_DEPLOYMENT_TARGET = 7.0;
				SDKROOT = iphoneos;
				VALIDATE_PRODUCT = YES;
			};
			name = Release;
		};
		3B2BB35318A21305008A8F37 /* Debug */ = {
			isa = XCBuildConfiguration;
			buildSettings = {
				ASSETCATALOG_COMPILER_APPICON_NAME = AppIcon;
				ASSETCATALOG_COMPILER_LAUNCHIMAGE_NAME = LaunchImage;
				GCC_PRECOMPILE_PREFIX_HEADER = YES;
				GCC_PREFIX_HEADER = "NewBirthdayReminder/NewBirthdayReminder-Prefix.pch";
				INFOPLIST_FILE = "NewBirthdayReminder/NewBirthdayReminder-Info.plist";
				PRODUCT_NAME = "$(TARGET_NAME)";
				WRAPPER_EXTENSION = app;
			};
			name = Debug;
		};
		3B2BB35418A21305008A8F37 /* Release */ = {
			isa = XCBuildConfiguration;
			buildSettings = {
				ASSETCATALOG_COMPILER_APPICON_NAME = AppIcon;
				ASSETCATALOG_COMPILER_LAUNCHIMAGE_NAME = LaunchImage;
				GCC_PRECOMPILE_PREFIX_HEADER = YES;
				GCC_PREFIX_HEADER = "NewBirthdayReminder/NewBirthdayReminder-Prefix.pch";
				INFOPLIST_FILE = "NewBirthdayReminder/NewBirthdayReminder-Info.plist";
				PRODUCT_NAME = "$(TARGET_NAME)";
				WRAPPER_EXTENSION = app;
			};
			name = Release;
		};
		3B2BB35618A21305008A8F37 /* Debug */ = {
			isa = XCBuildConfiguration;
			buildSettings = {
				ARCHS = "$(ARCHS_STANDARD_INCLUDING_64_BIT)";
				BUNDLE_LOADER = "$(BUILT_PRODUCTS_DIR)/NewBirthdayReminder.app/NewBirthdayReminder";
				FRAMEWORK_SEARCH_PATHS = (
					"$(SDKROOT)/Developer/Library/Frameworks",
					"$(inherited)",
					"$(DEVELOPER_FRAMEWORKS_DIR)",
				);
				GCC_PRECOMPILE_PREFIX_HEADER = YES;
				GCC_PREFIX_HEADER = "NewBirthdayReminder/NewBirthdayReminder-Prefix.pch";
				GCC_PREPROCESSOR_DEFINITIONS = (
					"DEBUG=1",
					"$(inherited)",
				);
				INFOPLIST_FILE = "NewBirthdayReminderTests/NewBirthdayReminderTests-Info.plist";
				PRODUCT_NAME = "$(TARGET_NAME)";
				TEST_HOST = "$(BUNDLE_LOADER)";
				WRAPPER_EXTENSION = xctest;
			};
			name = Debug;
		};
		3B2BB35718A21305008A8F37 /* Release */ = {
			isa = XCBuildConfiguration;
			buildSettings = {
				ARCHS = "$(ARCHS_STANDARD_INCLUDING_64_BIT)";
				BUNDLE_LOADER = "$(BUILT_PRODUCTS_DIR)/NewBirthdayReminder.app/NewBirthdayReminder";
				FRAMEWORK_SEARCH_PATHS = (
					"$(SDKROOT)/Developer/Library/Frameworks",
					"$(inherited)",
					"$(DEVELOPER_FRAMEWORKS_DIR)",
				);
				GCC_PRECOMPILE_PREFIX_HEADER = YES;
				GCC_PREFIX_HEADER = "NewBirthdayReminder/NewBirthdayReminder-Prefix.pch";
				INFOPLIST_FILE = "NewBirthdayReminderTests/NewBirthdayReminderTests-Info.plist";
				PRODUCT_NAME = "$(TARGET_NAME)";
				TEST_HOST = "$(BUNDLE_LOADER)";
				WRAPPER_EXTENSION = xctest;
			};
			name = Release;
		};
/* End XCBuildConfiguration section */

/* Begin XCConfigurationList section */
		3B2BB31B18A21304008A8F37 /* Build configuration list for PBXProject "NewBirthdayReminder" */ = {
			isa = XCConfigurationList;
			buildConfigurations = (
				3B2BB35018A21305008A8F37 /* Debug */,
				3B2BB35118A21305008A8F37 /* Release */,
			);
			defaultConfigurationIsVisible = 0;
			defaultConfigurationName = Release;
		};
		3B2BB35218A21305008A8F37 /* Build configuration list for PBXNativeTarget "NewBirthdayReminder" */ = {
			isa = XCConfigurationList;
			buildConfigurations = (
				3B2BB35318A21305008A8F37 /* Debug */,
				3B2BB35418A21305008A8F37 /* Release */,
			);
			defaultConfigurationIsVisible = 0;
			defaultConfigurationName = Release;
		};
		3B2BB35518A21305008A8F37 /* Build configuration list for PBXNativeTarget "NewBirthdayReminderTests" */ = {
			isa = XCConfigurationList;
			buildConfigurations = (
				3B2BB35618A21305008A8F37 /* Debug */,
				3B2BB35718A21305008A8F37 /* Release */,
			);
			defaultConfigurationIsVisible = 0;
			defaultConfigurationName = Release;
		};
/* End XCConfigurationList section */

/* Begin XCVersionGroup section */
		3B0AC43718AA04150068ACF7 /* BirthdayReminder.xcdatamodeld */ = {
			isa = XCVersionGroup;
			children = (
				3B0B5E6A18AB634200D537C0 /* BirthdayReminder 2.xcdatamodel */,
				3B0AC43818AA04150068ACF7 /* BirthdayReminder.xcdatamodel */,
			);
			currentVersion = 3B0AC43818AA04150068ACF7 /* BirthdayReminder.xcdatamodel */;
			path = BirthdayReminder.xcdatamodeld;
			sourceTree = "<group>";
			versionGroupType = wrapper.xcdatamodel;
		};
/* End XCVersionGroup section */
	};
	rootObject = 3B2BB31818A21304008A8F37 /* Project object */;
}
